lockfileVersion: '9.0'

settings:
  autoInstallPeers: true
  excludeLinksFromLockfile: false

importers:

  .:
    devDependencies:
      turbo:
        specifier: ^2.4.4
        version: 2.8.20
      typescript:
        specifier: ^5.7.3
        version: 5.9.3

  packages/database:
    dependencies:
      '@supabase/supabase-js':
        specifier: ^2.49.1
        version: 2.99.3
    devDependencies:
      '@monorepo/tsconfig':
        specifier: workspace:*
        version: link:../tsconfig
      '@types/node':
        specifier: ^22.15.0
        version: 22.19.15
      typescript:
        specifier: ^5.7.3
        version: 5.9.3

  packages/shared:
    dependencies:
      '@monorepo/database':
        specifier: workspace:*
        version: link:../database
    devDependencies:
      '@monorepo/tsconfig':
        specifier: workspace:*
        version: link:../tsconfig
      '@types/node':
        specifier: ^22.15.0
        version: 22.19.15
      typescript:
        specifier: ^5.7.3
        version: 5.9.3

  packages/tsconfig: {}

  packages/ui:
    devDependencies:
      '@monorepo/tsconfig':
        specifier: workspace:*
        version: link:../tsconfig
      '@types/react':
        specifier: ^18.3.18
        version: 18.3.28
      '@types/react-dom':
        specifier: ^18.3.5
        version: 18.3.7(@types/react@18.3.28)
      react:
        specifier: ^18.3.1
        version: 18.3.1
      react-dom:
        specifier: ^18.3.1
        version: 18.3.1(react@18.3.1)
      typescript:
        specifier: ^5.7.3
        version: 5.9.3

packages:

  '@supabase/auth-js@2.99.3':
    resolution: {integrity: sha512-vMEVLA1kGGYd/kdsJSwtjiFUZM1nGfrz2DWmgMBZtocV48qL+L2+4QpIkueXyBEumMQZFEyhz57i/5zGHjvdBw==}
    engines: {node: '>=20.0.0'}

  '@supabase/functions-js@2.99.3':
    resolution: {integrity: sha512-6tk2zrcBkzKaaBXPOG5nshn30uJNFGOH9LxOnE8i850eQmsX+jVm7vql9kTPyvUzEHwU4zdjSOkXS9M+9ukMVA==}
    engines: {node: '>=20.0.0'}

  '@supabase/postgrest-js@2.99.3':
    resolution: {integrity: sha512-8HxEf+zNycj7Z8+ONhhlu+7J7Ha+L6weyCtdEeK2mN5OWJbh6n4LPU4iuJ5UlCvvNnbSXMoutY7piITEEAgl2g==}
    engines: {node: '>=20.0.0'}

  '@supabase/realtime-js@2.99.3':
    resolution: {integrity: sha512-c1azgZ2nZPczbY5k5u5iFrk1InpxN81IvNE+UBAkjrBz3yc5ALLJNkeTQwbJZT4PZBuYXEzqYGLMuh9fdTtTMg==}
    engines: {node: '>=20.0.0'}

  '@supabase/storage-js@2.99.3':
    resolution: {integrity: sha512-lOfIm4hInNcd8x0i1LWphnLKxec42wwbjs+vhaVAvR801Vda0UAMbTooUY6gfqgQb8v29GofqKuQMMTAsl6w/w==}
    engines: {node: '>=20.0.0'}

  '@supabase/supabase-js@2.99.3':
    resolution: {integrity: sha512-GuPbzoEaI51AkLw9VGhLNvnzw4PHbS3p8j2/JlvLeZNQMKwZw4aEYQIDBRtFwL5Nv7/275n9m4DHtakY8nCvgg==}
    engines: {node: '>=20.0.0'}

  '@turbo/darwin-64@2.8.20':
    resolution: {integrity: sha512-FQ9EX1xMU5nbwjxXxM3yU88AQQ6Sqc6S44exPRroMcx9XZHqqppl5ymJF0Ig/z3nvQNwDmz1Gsnvxubo+nXWjQ==}
    cpu: [x64]
    os: [darwin]

  '@turbo/darwin-arm64@2.8.20':
    resolution: {integrity: sha512-Gpyh9ATFGThD6/s9L95YWY54cizg/VRWl2B67h0yofG8BpHf67DFAh9nuJVKG7bY0+SBJDAo5cMur+wOl9YOYw==}
    cpu: [arm64]
    os: [darwin]

  '@turbo/linux-64@2.8.20':
    resolution: {integrity: sha512-p2QxWUYyYUgUFG0b0kR+pPi8t7c9uaVlRtjTTI1AbCvVqkpjUfCcReBn6DgG/Hu8xrWdKLuyQFaLYFzQskZbcA==}
    cpu: [x64]
    os: [linux]

  '@turbo/linux-arm64@2.8.20':
    resolution: {integrity: sha512-Gn5yjlZGLRZWarLWqdQzv0wMqyBNIdq1QLi48F1oY5Lo9kiohuf7BPQWtWxeNVS2NgJ1+nb/DzK1JduYC4AWOA==}
    cpu: [arm64]
    os: [linux]

  '@turbo/windows-64@2.8.20':
    resolution: {integrity: sha512-vyaDpYk/8T6Qz5V/X+ihKvKFEZFUoC0oxYpC1sZanK6gaESJlmV3cMRT3Qhcg4D2VxvtC2Jjs9IRkrZGL+exLw==}
    cpu: [x64]
    os: [win32]

  '@turbo/windows-arm64@2.8.20':
    resolution: {integrity: sha512-voicVULvUV5yaGXo0Iue13BcHGYW3u0VgqSbfQwBaHbpj1zLjYV4KIe+7fYIo6DO8FVUJzxFps3ODCQG/Wy2Qw==}
    cpu: [arm64]
    os: [win32]

  '@types/node@22.19.15':
    resolution: {integrity: sha512-F0R/h2+dsy5wJAUe3tAU6oqa2qbWY5TpNfL/RGmo1y38hiyO1w3x2jPtt76wmuaJI4DQnOBu21cNXQ2STIUUWg==}

  '@types/phoenix@1.6.7':
    resolution: {integrity: sha512-oN9ive//QSBkf19rfDv45M7eZPi0eEXylht2OLEXicu5b4KoQ1OzXIw+xDSGWxSxe1JmepRR/ZH283vsu518/Q==}

  '@types/prop-types@15.7.15':
    resolution: {integrity: sha512-F6bEyamV9jKGAFBEmlQnesRPGOQqS2+Uwi0Em15xenOxHaf2hv6L8YCVn3rPdPJOiJfPiCnLIRyvwVaqMY3MIw==}

  '@types/react-dom@18.3.7':
    resolution: {integrity: sha512-MEe3UeoENYVFXzoXEWsvcpg6ZvlrFNlOQ7EOsvhI3CfAXwzPfO8Qwuxd40nepsYKqyyVQnTdEfv68q91yLcKrQ==}
    peerDependencies:
      '@types/react': ^18.0.0

  '@types/react@18.3.28':
    resolution: {integrity: sha512-z9VXpC7MWrhfWipitjNdgCauoMLRdIILQsAEV+ZesIzBq/oUlxk0m3ApZuMFCXdnS4U7KrI+l3WRUEGQ8K1QKw==}

  '@types/ws@8.18.1':
    resolution: {integrity: sha512-ThVF6DCVhA8kUGy+aazFQ4kXQ7E1Ty7A3ypFOe0IcJV8O/M511G99AW24irKrW56Wt44yG9+ij8FaqoBGkuBXg==}

  csstype@3.2.3:
    resolution: {integrity: sha512-z1HGKcYy2xA8AGQfwrn0PAy+PB7X/GSj3UVJW9qKyn43xWa+gl5nXmU4qqLMRzWVLFC8KusUX8T/0kCiOYpAIQ==}

  iceberg-js@0.8.1:
    resolution: {integrity: sha512-1dhVQZXhcHje7798IVM+xoo/1ZdVfzOMIc8/rgVSijRK38EDqOJoGula9N/8ZI5RD8QTxNQtK/Gozpr+qUqRRA==}
    engines: {node: '>=20.0.0'}

  js-tokens@4.0.0:
    resolution: {integrity: sha512-RdJUflcE3cUzKiMqQgsCu06FPu9UdIJO0beYbPhHN4k6apgJtifcoCtT9bcxOpYBtpD2kCM6Sbzg4CausW/PKQ==}

  loose-envify@1.4.0:
    resolution: {integrity: sha512-lyuxPGr/Wfhrlem2CL/UcnUc1zcqKAImBDzukY7Y5F/yQiNdko6+fRLevlw1HgMySw7f611UIY408EtxRSoK3Q==}
    hasBin: true

  react-dom@18.3.1:
    resolution: {integrity: sha512-5m4nQKp+rZRb09LNH59GM4BxTh9251/ylbKIbpe7TpGxfJ+9kv6BLkLBXIjjspbgbnIBNqlI23tRnTWT0snUIw==}
    peerDependencies:
      react: ^18.3.1

  react@18.3.1:
    resolution: {integrity: sha512-wS+hAgJShR0KhEvPJArfuPVN1+Hz1t0Y6n5jLrGQbkb4urgPE/0Rve+1kMB1v/oWgHgm4WIcV+i7F2pTVj+2iQ==}
    engines: {node: '>=0.10.0'}

  scheduler@0.23.2:
    resolution: {integrity: sha512-UOShsPwz7NrMUqhR6t0hWjFduvOzbtv7toDH1/hIrfRNIDBnnBWd0CwJTGvTpngVlmwGCdP9/Zl/tVrDqcuYzQ==}

  tslib@2.8.1:
    resolution: {integrity: sha512-oJFu94HQb+KVduSUQL7wnpmqnfmLsOA/nAh6b6EH0wCEoK0/mPeXU6c3wKDV83MkOuHPRHtSXKKU99IBazS/2w==}

  turbo@2.8.20:
    resolution: {integrity: sha512-Rb4qk5YT8RUwwdXtkLpkVhNEe/lor6+WV7S5tTlLpxSz6MjV5Qi8jGNn4gS6NAvrYGA/rNrE6YUQM85sCZUDbQ==}
    hasBin: true

  typescript@5.9.3:
    resolution: {integrity: sha512-jl1vZzPDinLr9eUt3J/t7V6FgNEw9QjvBPdysz9KfQDD41fQrC2Y4vKQdiaUpFT4bXlb1RHhLpp8wtm6M5TgSw==}
    engines: {node: '>=14.17'}
    hasBin: true

  undici-types@6.21.0:
    resolution: {integrity: sha512-iwDZqg0QAGrg9Rav5H4n0M64c3mkR59cJ6wQp+7C4nI0gsmExaedaYLNO44eT4AtBBwjbTiGPMlt2Md0T9H9JQ==}

  ws@8.20.0:
    resolution: {integrity: sha512-sAt8BhgNbzCtgGbt2OxmpuryO63ZoDk/sqaB/znQm94T4fCEsy/yV+7CdC1kJhOU9lboAEU7R3kquuycDoibVA==}
    engines: {node: '>=10.0.0'}
    peerDependencies:
      bufferutil: ^4.0.1
      utf-8-validate: '>=5.0.2'
    peerDependenciesMeta:
      bufferutil:
        optional: true
      utf-8-validate:
        optional: true

snapshots:

  '@supabase/auth-js@2.99.3':
    dependencies:
      tslib: 2.8.1

  '@supabase/functions-js@2.99.3':
    dependencies:
      tslib: 2.8.1

  '@supabase/postgrest-js@2.99.3':
    dependencies:
      tslib: 2.8.1

  '@supabase/realtime-js@2.99.3':
    dependencies:
      '@types/phoenix': 1.6.7
      '@types/ws': 8.18.1
      tslib: 2.8.1
      ws: 8.20.0
    transitivePeerDependencies:
      - bufferutil
      - utf-8-validate

  '@supabase/storage-js@2.99.3':
    dependencies:
      iceberg-js: 0.8.1
      tslib: 2.8.1

  '@supabase/supabase-js@2.99.3':
    dependencies:
      '@supabase/auth-js': 2.99.3
      '@supabase/functions-js': 2.99.3
      '@supabase/postgrest-js': 2.99.3
      '@supabase/realtime-js': 2.99.3
      '@supabase/storage-js': 2.99.3
    transitivePeerDependencies:
      - bufferutil
      - utf-8-validate

  '@turbo/darwin-64@2.8.20':
    optional: true

  '@turbo/darwin-arm64@2.8.20':
    optional: true

  '@turbo/linux-64@2.8.20':
    optional: true

  '@turbo/linux-arm64@2.8.20':
    optional: true

  '@turbo/windows-64@2.8.20':
    optional: true

  '@turbo/windows-arm64@2.8.20':
    optional: true

  '@types/node@22.19.15':
    dependencies:
      undici-types: 6.21.0

  '@types/phoenix@1.6.7': {}

  '@types/prop-types@15.7.15': {}

  '@types/react-dom@18.3.7(@types/react@18.3.28)':
    dependencies:
      '@types/react': 18.3.28

  '@types/react@18.3.28':
    dependencies:
      '@types/prop-types': 15.7.15
      csstype: 3.2.3

  '@types/ws@8.18.1':
    dependencies:
      '@types/node': 22.19.15

  csstype@3.2.3: {}

  iceberg-js@0.8.1: {}

  js-tokens@4.0.0: {}

  loose-envify@1.4.0:
    dependencies:
      js-tokens: 4.0.0

  react-dom@18.3.1(react@18.3.1):
    dependencies:
      loose-envify: 1.4.0
      react: 18.3.1
      scheduler: 0.23.2

  react@18.3.1:
    dependencies:
      loose-envify: 1.4.0

  scheduler@0.23.2:
    dependencies:
      loose-envify: 1.4.0

  tslib@2.8.1: {}

  turbo@2.8.20:
    optionalDependencies:
      '@turbo/darwin-64': 2.8.20
      '@turbo/darwin-arm64': 2.8.20
      '@turbo/linux-64': 2.8.20
      '@turbo/linux-arm64': 2.8.20
      '@turbo/windows-64': 2.8.20
      '@turbo/windows-arm64': 2.8.20

  typescript@5.9.3: {}

  undici-types@6.21.0: {}

  ws@8.20.0: {}
